
Microsoft Visual Studio Solution File, Format Version 12.00
# Visual Studio Version 16
VisualStudioVersion = 16.0.30711.63
MinimumVisualStudioVersion = 10.0.40219.1
Project("{9A19103F-16F7-4668-BE54-9A1E7A4F7556}") = "PboViewer GUI", "PboViewer GUI\PboViewer GUI.csproj", "{863B4E0D-7394-4EE1-A0BD-1FB3B4BE3018}"
EndProject
Project("{FAE04EC0-301F-11D3-BF4B-00C04F79EFBC}") = "PboViewer CLI", "PboViewer CLI\PboViewer CLI.csproj", "{60FE8D55-BA6A-445D-8B36-72CDA1E46161}"
EndProject
Global
	GlobalSection(SolutionConfigurationPlatforms) = preSolution
		Debug|Any CPU = Debug|Any CPU
		Release|Any CPU = Release|Any CPU
	EndGlobalSection
	GlobalSection(ProjectConfigurationPlatforms) = postSolution
		{863B4E0D-7394-4EE1-A0BD-1FB3B4BE3018}.Debug|Any CPU.ActiveCfg = Debug|Any CPU
		{863B4E0D-7394-4EE1-A0BD-1FB3B4BE3018}.Debug|Any CPU.Build.0 = Debug|Any CPU
		{863B4E0D-7394-4EE1-A0BD-1FB3B4BE3018}.Release|Any CPU.ActiveCfg = Release|Any CPU
		{863B4E0D-7394-4EE1-A0BD-1FB3B4BE3018}.Release|Any CPU.Build.0 = Release|Any CPU
		{60FE8D55-BA6A-445D-8B36-72CDA1E46161}.Debug|Any CPU.ActiveCfg = Debug|Any CPU
		{60FE8D55-BA6A-445D-8B36-72CDA1E46161}.Debug|Any CPU.Build.0 = Debug|Any CPU
		{60FE8D55-BA6A-445D-8B36-72CDA1E46161}.Release|Any CPU.ActiveCfg = Release|Any CPU
		{60FE8D55-BA6A-445D-8B36-72CDA1E46161}.Release|Any CPU.Build.0 = Release|Any CPU
	EndGlobalSection
	GlobalSection(SolutionProperties) = preSolution
		HideSolutionNode = FALSE
	EndGlobalSection
	GlobalSection(ExtensibilityGlobals) = postSolution
		SolutionGuid = {6BB1542D-D5AB-4A26-B5F6-0AA397DA51C0}
	EndGlobalSection
EndGlobal
